
Microsoft Visual Studio Solution File, Format Version 12.00
# Visual Studio 15
VisualStudioVersion = 15.0.28010.2046
MinimumVisualStudioVersion = 10.0.40219.1
Project("{9A19103F-16F7-4668-BE54-9A1E7A4F7556}") = "Neptuo.Navigation", "src\Neptuo.Navigation\Neptuo.Navigation.csproj", "{AA34F273-24F9-4CFF-A8D5-2CBA00E973D9}"
EndProject
Project("{9A19103F-16F7-4668-BE54-9A1E7A4F7556}") = "Neptuo.Navigation.Url", "src\Neptuo.Navigation.Url\Neptuo.Navigation.Url.csproj", "{40084B1A-81B5-4EF9-9C12-8E45C4C4E7F7}"
EndProject
Project("{9A19103F-16F7-4668-BE54-9A1E7A4F7556}") = "Neptuo.Navigation.Awaitable", "src\Neptuo.Navigation.Awaitable\Neptuo.Navigation.Awaitable.csproj", "{ADB41BED-5ECB-4680-A047-955EF36E1499}"
EndProject
Project("{FAE04EC0-301F-11D3-BF4B-00C04F79EFBC}") = "Neptuo.Navigation.Callbacks", "src\Neptuo.Navigation.Callbacks\Neptuo.Navigation.Callbacks.csproj", "{39CE84BF-23AF-4124-872A-8CB960A7FDF5}"
EndProject
Project("{FAE04EC0-301F-11D3-BF4B-00C04F79EFBC}") = "Neptuo.Navigation.Serial", "src\Neptuo.Navigation.Serial\Neptuo.Navigation.Serial.csproj", "{97409B76-05CA-4625-8173-F09E091D2D5F}"
EndProject
Project("{2150E333-8FDC-42A3-9474-1A3956D46DE8}") = "Contracts", "Contracts", "{ECDBC0D2-D8A7-4290-A674-3B10465D6E78}"
EndProject
Project("{2150E333-8FDC-42A3-9474-1A3956D46DE8}") = "Implementations", "Implementations", "{AA518D9C-2A40-49C4-B5CA-F711205E3716}"
EndProject
Project("{2150E333-8FDC-42A3-9474-1A3956D46DE8}") = "Tests", "Tests", "{05596F87-19C9-4A5A-82C7-91F1913C875A}"
EndProject
Project("{2150E333-8FDC-42A3-9474-1A3956D46DE8}") = "TestsApp", "TestsApp", "{8B1D1686-ED87-45FF-9CDD-719290238D21}"
EndProject
Global
	GlobalSection(SolutionConfigurationPlatforms) = preSolution
		Debug|Any CPU = Debug|Any CPU
		Release|Any CPU = Release|Any CPU
	EndGlobalSection
	GlobalSection(ProjectConfigurationPlatforms) = postSolution
		{AA34F273-24F9-4CFF-A8D5-2CBA00E973D9}.Debug|Any CPU.ActiveCfg = Debug|Any CPU
		{AA34F273-24F9-4CFF-A8D5-2CBA00E973D9}.Debug|Any CPU.Build.0 = Debug|Any CPU
		{AA34F273-24F9-4CFF-A8D5-2CBA00E973D9}.Release|Any CPU.ActiveCfg = Release|Any CPU
		{AA34F273-24F9-4CFF-A8D5-2CBA00E973D9}.Release|Any CPU.Build.0 = Release|Any CPU
		{40084B1A-81B5-4EF9-9C12-8E45C4C4E7F7}.Debug|Any CPU.ActiveCfg = Debug|Any CPU
		{40084B1A-81B5-4EF9-9C12-8E45C4C4E7F7}.Debug|Any CPU.Build.0 = Debug|Any CPU
		{40084B1A-81B5-4EF9-9C12-8E45C4C4E7F7}.Release|Any CPU.ActiveCfg = Release|Any CPU
		{40084B1A-81B5-4EF9-9C12-8E45C4C4E7F7}.Release|Any CPU.Build.0 = Release|Any CPU
		{ADB41BED-5ECB-4680-A047-955EF36E1499}.Debug|Any CPU.ActiveCfg = Debug|Any CPU
		{ADB41BED-5ECB-4680-A047-955EF36E1499}.Debug|Any CPU.Build.0 = Debug|Any CPU
		{ADB41BED-5ECB-4680-A047-955EF36E1499}.Release|Any CPU.ActiveCfg = Release|Any CPU
		{ADB41BED-5ECB-4680-A047-955EF36E1499}.Release|Any CPU.Build.0 = Release|Any CPU
		{39CE84BF-23AF-4124-872A-8CB960A7FDF5}.Debug|Any CPU.ActiveCfg = Debug|Any CPU
		{39CE84BF-23AF-4124-872A-8CB960A7FDF5}.Debug|Any CPU.Build.0 = Debug|Any CPU
		{39CE84BF-23AF-4124-872A-8CB960A7FDF5}.Release|Any CPU.ActiveCfg = Release|Any CPU
		{39CE84BF-23AF-4124-872A-8CB960A7FDF5}.Release|Any CPU.Build.0 = Release|Any CPU
		{97409B76-05CA-4625-8173-F09E091D2D5F}.Debug|Any CPU.ActiveCfg = Debug|Any CPU
		{97409B76-05CA-4625-8173-F09E091D2D5F}.Debug|Any CPU.Build.0 = Debug|Any CPU
		{97409B76-05CA-4625-8173-F09E091D2D5F}.Release|Any CPU.ActiveCfg = Release|Any CPU
		{97409B76-05CA-4625-8173-F09E091D2D5F}.Release|Any CPU.Build.0 = Release|Any CPU
	EndGlobalSection
	GlobalSection(SolutionProperties) = preSolution
		HideSolutionNode = FALSE
	EndGlobalSection
	GlobalSection(NestedProjects) = preSolution
		{AA34F273-24F9-4CFF-A8D5-2CBA00E973D9} = {ECDBC0D2-D8A7-4290-A674-3B10465D6E78}
		{40084B1A-81B5-4EF9-9C12-8E45C4C4E7F7} = {ECDBC0D2-D8A7-4290-A674-3B10465D6E78}
		{ADB41BED-5ECB-4680-A047-955EF36E1499} = {ECDBC0D2-D8A7-4290-A674-3B10465D6E78}
		{39CE84BF-23AF-4124-872A-8CB960A7FDF5} = {ECDBC0D2-D8A7-4290-A674-3B10465D6E78}
		{97409B76-05CA-4625-8173-F09E091D2D5F} = {ECDBC0D2-D8A7-4290-A674-3B10465D6E78}
	EndGlobalSection
	GlobalSection(ExtensibilityGlobals) = postSolution
		SolutionGuid = {CBDA02A8-B7B1-47BE-81E5-E0EC5C7F92D1}
	EndGlobalSection
EndGlobal
