
Microsoft Visual Studio Solution File, Format Version 12.00
# Visual Studio 14
VisualStudioVersion = 14.0.25420.1
MinimumVisualStudioVersion = 10.0.40219.1
Project("{FAE04EC0-301F-11D3-BF4B-00C04F79EFBC}") = "Neptuo.AspNet.Navigation", "src\Neptuo.AspNet.Navigation\Neptuo.AspNet.Navigation.csproj", "{5879AB85-DAA8-45F8-B4EB-66032963D17F}"
EndProject
Project("{FAE04EC0-301F-11D3-BF4B-00C04F79EFBC}") = "Test.AspNet.Navigation", "test\Test.AspNet.Navigation\Test.AspNet.Navigation.csproj", "{0A6C19D0-D867-4019-82DB-4EBAB141247C}"
EndProject
Project("{FAE04EC0-301F-11D3-BF4B-00C04F79EFBC}") = "Sample.AspNet.Navigation", "sample\Sample.AspNet.Navigation\Sample.AspNet.Navigation.csproj", "{DF2311BF-FB75-4B62-9E35-7C67C914CBEF}"
EndProject
Global
	GlobalSection(SolutionConfigurationPlatforms) = preSolution
		Debug|Any CPU = Debug|Any CPU
		Release|Any CPU = Release|Any CPU
	EndGlobalSection
	GlobalSection(ProjectConfigurationPlatforms) = postSolution
		{5879AB85-DAA8-45F8-B4EB-66032963D17F}.Debug|Any CPU.ActiveCfg = Debug|Any CPU
		{5879AB85-DAA8-45F8-B4EB-66032963D17F}.Debug|Any CPU.Build.0 = Debug|Any CPU
		{5879AB85-DAA8-45F8-B4EB-66032963D17F}.Release|Any CPU.ActiveCfg = Release|Any CPU
		{5879AB85-DAA8-45F8-B4EB-66032963D17F}.Release|Any CPU.Build.0 = Release|Any CPU
		{0A6C19D0-D867-4019-82DB-4EBAB141247C}.Debug|Any CPU.ActiveCfg = Debug|Any CPU
		{0A6C19D0-D867-4019-82DB-4EBAB141247C}.Debug|Any CPU.Build.0 = Debug|Any CPU
		{0A6C19D0-D867-4019-82DB-4EBAB141247C}.Release|Any CPU.ActiveCfg = Release|Any CPU
		{0A6C19D0-D867-4019-82DB-4EBAB141247C}.Release|Any CPU.Build.0 = Release|Any CPU
		{DF2311BF-FB75-4B62-9E35-7C67C914CBEF}.Debug|Any CPU.ActiveCfg = Debug|Any CPU
		{DF2311BF-FB75-4B62-9E35-7C67C914CBEF}.Debug|Any CPU.Build.0 = Debug|Any CPU
		{DF2311BF-FB75-4B62-9E35-7C67C914CBEF}.Release|Any CPU.ActiveCfg = Release|Any CPU
		{DF2311BF-FB75-4B62-9E35-7C67C914CBEF}.Release|Any CPU.Build.0 = Release|Any CPU
	EndGlobalSection
	GlobalSection(SolutionProperties) = preSolution
		HideSolutionNode = FALSE
	EndGlobalSection
EndGlobal
