
Microsoft Visual Studio Solution File, Format Version 12.00
# Visual Studio 15
VisualStudioVersion = 15.0.28010.2046
MinimumVisualStudioVersion = 10.0.40219.1
Project("{9A19103F-16F7-4668-BE54-9A1E7A4F7556}") = "Neptuo.Navigation", "src\Neptuo.Navigation\Neptuo.Navigation.csproj", "{AA34F273-24F9-4CFF-A8D5-2CBA00E973D9}"
EndProject
Project("{FAE04EC0-301F-11D3-BF4B-00C04F79EFBC}") = "Neptuo.Navigation.Url", "src\Neptuo.Navigation.Url\Neptuo.Navigation.Url.csproj", "{40084B1A-81B5-4EF9-9C12-8E45C4C4E7F7}"
EndProject
Global
	GlobalSection(SolutionConfigurationPlatforms) = preSolution
		Debug|Any CPU = Debug|Any CPU
		Release|Any CPU = Release|Any CPU
	EndGlobalSection
	GlobalSection(ProjectConfigurationPlatforms) = postSolution
		{AA34F273-24F9-4CFF-A8D5-2CBA00E973D9}.Debug|Any CPU.ActiveCfg = Debug|Any CPU
		{AA34F273-24F9-4CFF-A8D5-2CBA00E973D9}.Debug|Any CPU.Build.0 = Debug|Any CPU
		{AA34F273-24F9-4CFF-A8D5-2CBA00E973D9}.Release|Any CPU.ActiveCfg = Release|Any CPU
		{AA34F273-24F9-4CFF-A8D5-2CBA00E973D9}.Release|Any CPU.Build.0 = Release|Any CPU
		{40084B1A-81B5-4EF9-9C12-8E45C4C4E7F7}.Debug|Any CPU.ActiveCfg = Debug|Any CPU
		{40084B1A-81B5-4EF9-9C12-8E45C4C4E7F7}.Debug|Any CPU.Build.0 = Debug|Any CPU
		{40084B1A-81B5-4EF9-9C12-8E45C4C4E7F7}.Release|Any CPU.ActiveCfg = Release|Any CPU
		{40084B1A-81B5-4EF9-9C12-8E45C4C4E7F7}.Release|Any CPU.Build.0 = Release|Any CPU
	EndGlobalSection
	GlobalSection(SolutionProperties) = preSolution
		HideSolutionNode = FALSE
	EndGlobalSection
	GlobalSection(ExtensibilityGlobals) = postSolution
		SolutionGuid = {CBDA02A8-B7B1-47BE-81E5-E0EC5C7F92D1}
	EndGlobalSection
EndGlobal
